
Microsoft Visual Studio Solution File, Format Version 12.00
# Visual Studio 14
VisualStudioVersion = 14.0.24720.0
MinimumVisualStudioVersion = 10.0.40219.1
Project("{FAE04EC0-301F-11D3-BF4B-00C04F79EFBC}") = "ReadDeviceToCloudMessages", "ReadDeviceToCloudMessages\ReadDeviceToCloudMessages.csproj", "{4C55D031-8208-4B1D-9727-3FBC9B8EBFBA}"
EndProject
Global
	GlobalSection(SolutionConfigurationPlatforms) = preSolution
		Debug|Any CPU = Debug|Any CPU
		Release|Any CPU = Release|Any CPU
	EndGlobalSection
	GlobalSection(ProjectConfigurationPlatforms) = postSolution
		{4C55D031-8208-4B1D-9727-3FBC9B8EBFBA}.Debug|Any CPU.ActiveCfg = Debug|Any CPU
		{4C55D031-8208-4B1D-9727-3FBC9B8EBFBA}.Debug|Any CPU.Build.0 = Debug|Any CPU
		{4C55D031-8208-4B1D-9727-3FBC9B8EBFBA}.Release|Any CPU.ActiveCfg = Release|Any CPU
		{4C55D031-8208-4B1D-9727-3FBC9B8EBFBA}.Release|Any CPU.Build.0 = Release|Any CPU
	EndGlobalSection
	GlobalSection(SolutionProperties) = preSolution
		HideSolutionNode = FALSE
	EndGlobalSection
EndGlobal
